
Microsoft Visual Studio Solution File, Format Version 12.00
# Visual Studio Version 16
VisualStudioVersion = 16.0.29709.97
MinimumVisualStudioVersion = 10.0.40219.1
Project("{FAE04EC0-301F-11D3-BF4B-00C04F79EFBC}") = "burrito-cli", "burrito-cli.csproj", "{A1F97364-8EA9-47D5-AC79-8257518BCB69}"
EndProject
Project("{FAE04EC0-301F-11D3-BF4B-00C04F79EFBC}") = "burrito-api", "burrito-api\burrito-api.csproj", "{9A8896FE-69C0-430D-9B41-030C94EF6B4B}"
EndProject
Project("{FAE04EC0-301F-11D3-BF4B-00C04F79EFBC}") = "burrito-core", "burrito-core\burrito-core.csproj", "{756CC1E8-7791-492F-9366-3A60CA08425D}"
EndProject
Global
	GlobalSection(SolutionConfigurationPlatforms) = preSolution
		Debug|Any CPU = Debug|Any CPU
		Release|Any CPU = Release|Any CPU
	EndGlobalSection
	GlobalSection(ProjectConfigurationPlatforms) = postSolution
		{A1F97364-8EA9-47D5-AC79-8257518BCB69}.Debug|Any CPU.ActiveCfg = Debug|Any CPU
		{A1F97364-8EA9-47D5-AC79-8257518BCB69}.Debug|Any CPU.Build.0 = Debug|Any CPU
		{A1F97364-8EA9-47D5-AC79-8257518BCB69}.Release|Any CPU.ActiveCfg = Release|Any CPU
		{A1F97364-8EA9-47D5-AC79-8257518BCB69}.Release|Any CPU.Build.0 = Release|Any CPU
		{9A8896FE-69C0-430D-9B41-030C94EF6B4B}.Debug|Any CPU.ActiveCfg = Debug|Any CPU
		{9A8896FE-69C0-430D-9B41-030C94EF6B4B}.Debug|Any CPU.Build.0 = Debug|Any CPU
		{9A8896FE-69C0-430D-9B41-030C94EF6B4B}.Release|Any CPU.ActiveCfg = Release|Any CPU
		{9A8896FE-69C0-430D-9B41-030C94EF6B4B}.Release|Any CPU.Build.0 = Release|Any CPU
		{756CC1E8-7791-492F-9366-3A60CA08425D}.Debug|Any CPU.ActiveCfg = Debug|Any CPU
		{756CC1E8-7791-492F-9366-3A60CA08425D}.Debug|Any CPU.Build.0 = Debug|Any CPU
		{756CC1E8-7791-492F-9366-3A60CA08425D}.Release|Any CPU.ActiveCfg = Release|Any CPU
		{756CC1E8-7791-492F-9366-3A60CA08425D}.Release|Any CPU.Build.0 = Release|Any CPU
	EndGlobalSection
	GlobalSection(SolutionProperties) = preSolution
		HideSolutionNode = FALSE
	EndGlobalSection
	GlobalSection(ExtensibilityGlobals) = postSolution
		SolutionGuid = {AF261903-6B6D-4D88-A981-BAE4F1167C2E}
	EndGlobalSection
EndGlobal
